
Microsoft Visual Studio Solution File, Format Version 12.00
# Visual Studio Version 17
VisualStudioVersion = 17.9.34714.143
MinimumVisualStudioVersion = 10.0.40219.1
Project("{FAE04EC0-301F-11D3-BF4B-00C04F79EFBC}") = "DBS Auto", "DBS Auto\DBS Auto.csproj", "{7792C19E-5590-482C-830F-2997CCB54ECA}"
EndProject
Global
	GlobalSection(SolutionConfigurationPlatforms) = preSolution
		Debug|Any CPU = Debug|Any CPU
		Release|Any CPU = Release|Any CPU
	EndGlobalSection
	GlobalSection(ProjectConfigurationPlatforms) = postSolution
		{7792C19E-5590-482C-830F-2997CCB54ECA}.Debug|Any CPU.ActiveCfg = Debug|Any CPU
		{7792C19E-5590-482C-830F-2997CCB54ECA}.Debug|Any CPU.Build.0 = Debug|Any CPU
		{7792C19E-5590-482C-830F-2997CCB54ECA}.Release|Any CPU.ActiveCfg = Release|Any CPU
		{7792C19E-5590-482C-830F-2997CCB54ECA}.Release|Any CPU.Build.0 = Release|Any CPU
	EndGlobalSection
	GlobalSection(SolutionProperties) = preSolution
		HideSolutionNode = FALSE
	EndGlobalSection
	GlobalSection(ExtensibilityGlobals) = postSolution
		SolutionGuid = {5AEE7DE2-3CC0-481F-94BD-AAC967AA15F8}
	EndGlobalSection
EndGlobal
